
Microsoft Visual Studio Solution File, Format Version 12.00
# Visual Studio Version 16
VisualStudioVersion = 16.0.31005.135
MinimumVisualStudioVersion = 10.0.40219.1
Project("{8BC9CEB8-8B4A-11D0-8D11-00A0C91BC942}") = "main", "main.vcxproj", "{AF6E2062-B942-4A94-BC64-DAE5DF409C1F}"
EndProject
Global
	GlobalSection(SolutionConfigurationPlatforms) = preSolution
		Debug|x86 = Debug|x86
		Release|x86 = Release|x86
	EndGlobalSection
	GlobalSection(ProjectConfigurationPlatforms) = postSolution
		{AF6E2062-B942-4A94-BC64-DAE5DF409C1F}.Debug|x86.ActiveCfg = Debug|Win32
		{AF6E2062-B942-4A94-BC64-DAE5DF409C1F}.Debug|x86.Build.0 = Debug|Win32
		{AF6E2062-B942-4A94-BC64-DAE5DF409C1F}.Release|x86.ActiveCfg = Release|Win32
		{AF6E2062-B942-4A94-BC64-DAE5DF409C1F}.Release|x86.Build.0 = Release|Win32
	EndGlobalSection
	GlobalSection(SolutionProperties) = preSolution
		HideSolutionNode = FALSE
	EndGlobalSection
	GlobalSection(ExtensibilityGlobals) = postSolution
		SolutionGuid = {83341023-3D59-4D90-AE67-C28D7D0AB78E}
	EndGlobalSection
EndGlobal
